
Microsoft Visual Studio Solution File, Format Version 12.00
# Visual Studio Version 17
VisualStudioVersion = 17.5.33627.172
MinimumVisualStudioVersion = 10.0.40219.1
Project("{FAE04EC0-301F-11D3-BF4B-00C04F79EFBC}") = "Luval.Framework.Core", "Luval.Framework.Core\Luval.Framework.Core.csproj", "{23F4F43B-BFDB-427E-8FC5-37537E40133F}"
EndProject
Project("{FAE04EC0-301F-11D3-BF4B-00C04F79EFBC}") = "Luval.Framework.Services", "Luval.Framework.Services\Luval.Framework.Services.csproj", "{50B25F51-2866-4D89-AA7D-1F97213CE52F}"
EndProject
Global
	GlobalSection(SolutionConfigurationPlatforms) = preSolution
		Debug|Any CPU = Debug|Any CPU
		Release|Any CPU = Release|Any CPU
	EndGlobalSection
	GlobalSection(ProjectConfigurationPlatforms) = postSolution
		{23F4F43B-BFDB-427E-8FC5-37537E40133F}.Debug|Any CPU.ActiveCfg = Debug|Any CPU
		{23F4F43B-BFDB-427E-8FC5-37537E40133F}.Debug|Any CPU.Build.0 = Debug|Any CPU
		{23F4F43B-BFDB-427E-8FC5-37537E40133F}.Release|Any CPU.ActiveCfg = Release|Any CPU
		{23F4F43B-BFDB-427E-8FC5-37537E40133F}.Release|Any CPU.Build.0 = Release|Any CPU
		{50B25F51-2866-4D89-AA7D-1F97213CE52F}.Debug|Any CPU.ActiveCfg = Debug|Any CPU
		{50B25F51-2866-4D89-AA7D-1F97213CE52F}.Debug|Any CPU.Build.0 = Debug|Any CPU
		{50B25F51-2866-4D89-AA7D-1F97213CE52F}.Release|Any CPU.ActiveCfg = Release|Any CPU
		{50B25F51-2866-4D89-AA7D-1F97213CE52F}.Release|Any CPU.Build.0 = Release|Any CPU
	EndGlobalSection
	GlobalSection(SolutionProperties) = preSolution
		HideSolutionNode = FALSE
	EndGlobalSection
	GlobalSection(ExtensibilityGlobals) = postSolution
		SolutionGuid = {0E2D4A69-9219-4835-BED5-8CFEABA9C0E5}
	EndGlobalSection
EndGlobal
